
Microsoft Visual Studio Solution File, Format Version 12.00
# Visual Studio Version 17
VisualStudioVersion = 17.0.32014.148
MinimumVisualStudioVersion = 10.0.40219.1
Project("{9A19103F-16F7-4668-BE54-9A1E7A4F7556}") = "NavrhoveVzory1", "NavrhoveVzory1\NavrhoveVzory1.csproj", "{FE123BF4-73F0-41F3-9BD9-20FEB5D02F15}"
EndProject
Project("{FAE04EC0-301F-11D3-BF4B-00C04F79EFBC}") = "RUR", "RUR\RUR.csproj", "{F3A3A221-A363-4424-87A0-6852B4FF2B72}"
EndProject
Global
	GlobalSection(SolutionConfigurationPlatforms) = preSolution
		Debug|Any CPU = Debug|Any CPU
		Release|Any CPU = Release|Any CPU
	EndGlobalSection
	GlobalSection(ProjectConfigurationPlatforms) = postSolution
		{FE123BF4-73F0-41F3-9BD9-20FEB5D02F15}.Debug|Any CPU.ActiveCfg = Debug|Any CPU
		{FE123BF4-73F0-41F3-9BD9-20FEB5D02F15}.Debug|Any CPU.Build.0 = Debug|Any CPU
		{FE123BF4-73F0-41F3-9BD9-20FEB5D02F15}.Release|Any CPU.ActiveCfg = Release|Any CPU
		{FE123BF4-73F0-41F3-9BD9-20FEB5D02F15}.Release|Any CPU.Build.0 = Release|Any CPU
		{F3A3A221-A363-4424-87A0-6852B4FF2B72}.Debug|Any CPU.ActiveCfg = Debug|Any CPU
		{F3A3A221-A363-4424-87A0-6852B4FF2B72}.Debug|Any CPU.Build.0 = Debug|Any CPU
		{F3A3A221-A363-4424-87A0-6852B4FF2B72}.Release|Any CPU.ActiveCfg = Release|Any CPU
		{F3A3A221-A363-4424-87A0-6852B4FF2B72}.Release|Any CPU.Build.0 = Release|Any CPU
	EndGlobalSection
	GlobalSection(SolutionProperties) = preSolution
		HideSolutionNode = FALSE
	EndGlobalSection
	GlobalSection(ExtensibilityGlobals) = postSolution
		SolutionGuid = {7D85A20C-9686-479E-B1E2-104C0CA358A4}
	EndGlobalSection
EndGlobal
